
Microsoft Visual Studio Solution File, Format Version 12.00
# Visual Studio 15
VisualStudioVersion = 15.0.28307.902
MinimumVisualStudioVersion = 10.0.40219.1
Project("{8BC9CEB8-8B4A-11D0-8D11-00A0C91BC942}") = "test_3_18", "test_3_18\test_3_18.vcxproj", "{B48E3908-AC48-4250-BBF5-15C17B28B96F}"
EndProject
Global
	GlobalSection(SolutionConfigurationPlatforms) = preSolution
		Debug|x64 = Debug|x64
		Debug|x86 = Debug|x86
		Release|x64 = Release|x64
		Release|x86 = Release|x86
	EndGlobalSection
	GlobalSection(ProjectConfigurationPlatforms) = postSolution
		{B48E3908-AC48-4250-BBF5-15C17B28B96F}.Debug|x64.ActiveCfg = Debug|x64
		{B48E3908-AC48-4250-BBF5-15C17B28B96F}.Debug|x64.Build.0 = Debug|x64
		{B48E3908-AC48-4250-BBF5-15C17B28B96F}.Debug|x86.ActiveCfg = Debug|Win32
		{B48E3908-AC48-4250-BBF5-15C17B28B96F}.Debug|x86.Build.0 = Debug|Win32
		{B48E3908-AC48-4250-BBF5-15C17B28B96F}.Release|x64.ActiveCfg = Release|x64
		{B48E3908-AC48-4250-BBF5-15C17B28B96F}.Release|x64.Build.0 = Release|x64
		{B48E3908-AC48-4250-BBF5-15C17B28B96F}.Release|x86.ActiveCfg = Release|Win32
		{B48E3908-AC48-4250-BBF5-15C17B28B96F}.Release|x86.Build.0 = Release|Win32
	EndGlobalSection
	GlobalSection(SolutionProperties) = preSolution
		HideSolutionNode = FALSE
	EndGlobalSection
	GlobalSection(ExtensibilityGlobals) = postSolution
		SolutionGuid = {6113800E-B1D4-4EF2-9390-FE388E882BAC}
	EndGlobalSection
EndGlobal
