
Microsoft Visual Studio Solution File, Format Version 12.00
# Visual Studio 15
VisualStudioVersion = 15.0.28307.902
MinimumVisualStudioVersion = 10.0.40219.1
Project("{8BC9CEB8-8B4A-11D0-8D11-00A0C91BC942}") = "3_15night", "3_15night\3_15night.vcxproj", "{C56B33C7-F328-422E-8CD1-70EB875DA526}"
EndProject
Global
	GlobalSection(SolutionConfigurationPlatforms) = preSolution
		Debug|x64 = Debug|x64
		Debug|x86 = Debug|x86
		Release|x64 = Release|x64
		Release|x86 = Release|x86
	EndGlobalSection
	GlobalSection(ProjectConfigurationPlatforms) = postSolution
		{C56B33C7-F328-422E-8CD1-70EB875DA526}.Debug|x64.ActiveCfg = Debug|x64
		{C56B33C7-F328-422E-8CD1-70EB875DA526}.Debug|x64.Build.0 = Debug|x64
		{C56B33C7-F328-422E-8CD1-70EB875DA526}.Debug|x86.ActiveCfg = Debug|Win32
		{C56B33C7-F328-422E-8CD1-70EB875DA526}.Debug|x86.Build.0 = Debug|Win32
		{C56B33C7-F328-422E-8CD1-70EB875DA526}.Release|x64.ActiveCfg = Release|x64
		{C56B33C7-F328-422E-8CD1-70EB875DA526}.Release|x64.Build.0 = Release|x64
		{C56B33C7-F328-422E-8CD1-70EB875DA526}.Release|x86.ActiveCfg = Release|Win32
		{C56B33C7-F328-422E-8CD1-70EB875DA526}.Release|x86.Build.0 = Release|Win32
	EndGlobalSection
	GlobalSection(SolutionProperties) = preSolution
		HideSolutionNode = FALSE
	EndGlobalSection
	GlobalSection(ExtensibilityGlobals) = postSolution
		SolutionGuid = {04CB56F1-AEDB-47EE-8AFC-BC05C63925FD}
	EndGlobalSection
EndGlobal
