
Microsoft Visual Studio Solution File, Format Version 12.00
# Visual Studio 15
VisualStudioVersion = 15.0.28307.902
MinimumVisualStudioVersion = 10.0.40219.1
Project("{8BC9CEB8-8B4A-11D0-8D11-00A0C91BC942}") = "daffodil", "daffodil\daffodil.vcxproj", "{F572D69D-EBD9-4442-8EDA-381E75429726}"
EndProject
Global
	GlobalSection(SolutionConfigurationPlatforms) = preSolution
		Debug|x64 = Debug|x64
		Debug|x86 = Debug|x86
		Release|x64 = Release|x64
		Release|x86 = Release|x86
	EndGlobalSection
	GlobalSection(ProjectConfigurationPlatforms) = postSolution
		{F572D69D-EBD9-4442-8EDA-381E75429726}.Debug|x64.ActiveCfg = Debug|x64
		{F572D69D-EBD9-4442-8EDA-381E75429726}.Debug|x64.Build.0 = Debug|x64
		{F572D69D-EBD9-4442-8EDA-381E75429726}.Debug|x86.ActiveCfg = Debug|Win32
		{F572D69D-EBD9-4442-8EDA-381E75429726}.Debug|x86.Build.0 = Debug|Win32
		{F572D69D-EBD9-4442-8EDA-381E75429726}.Release|x64.ActiveCfg = Release|x64
		{F572D69D-EBD9-4442-8EDA-381E75429726}.Release|x64.Build.0 = Release|x64
		{F572D69D-EBD9-4442-8EDA-381E75429726}.Release|x86.ActiveCfg = Release|Win32
		{F572D69D-EBD9-4442-8EDA-381E75429726}.Release|x86.Build.0 = Release|Win32
	EndGlobalSection
	GlobalSection(SolutionProperties) = preSolution
		HideSolutionNode = FALSE
	EndGlobalSection
	GlobalSection(ExtensibilityGlobals) = postSolution
		SolutionGuid = {756AEF3C-0C4A-4827-9191-0A8EE755C719}
	EndGlobalSection
EndGlobal
